
Microsoft Visual Studio Solution File, Format Version 9.00
# Visual C# Express 2005
Project("{FAE04EC0-301F-11D3-BF4B-00C04F79EFBC}") = "windowsIllustratorConverter", "windowsIllustratorConverter\windowsIllustratorConverter.csproj", "{2F0ACFF2-251E-4DF7-A415-B4E4B6A4BAEB}"
EndProject
Global
	GlobalSection(SolutionConfigurationPlatforms) = preSolution
		Debug|Any CPU = Debug|Any CPU
		Release|Any CPU = Release|Any CPU
	EndGlobalSection
	GlobalSection(ProjectConfigurationPlatforms) = postSolution
		{2F0ACFF2-251E-4DF7-A415-B4E4B6A4BAEB}.Debug|Any CPU.ActiveCfg = Debug|Any CPU
		{2F0ACFF2-251E-4DF7-A415-B4E4B6A4BAEB}.Debug|Any CPU.Build.0 = Debug|Any CPU
		{2F0ACFF2-251E-4DF7-A415-B4E4B6A4BAEB}.Release|Any CPU.ActiveCfg = Release|Any CPU
		{2F0ACFF2-251E-4DF7-A415-B4E4B6A4BAEB}.Release|Any CPU.Build.0 = Release|Any CPU
	EndGlobalSection
	GlobalSection(SolutionProperties) = preSolution
		HideSolutionNode = FALSE
	EndGlobalSection
EndGlobal
