// !$*UTF8*$!
{
	archiveVersion = 1;
	classes = {
	};
	objectVersion = 46;
	objects = {

/* Begin PBXBuildFile section */
		1892A4AF12E3ECC100304532 /* unselected.png in Resources */ = {isa = PBXBuildFile; fileRef = 1892A4AD12E3ECC100304532 /* unselected.png */; };
		1892A50712E4221600304532 /* refresh.png in Resources */ = {isa = PBXBuildFile; fileRef = 1892A50612E4221600304532 /* refresh.png */; };
		18A46CC912E6711E00529FBB /* discard.png in Resources */ = {isa = PBXBuildFile; fileRef = 18A46CC812E6711E00529FBB /* discard.png */; };
		18A9FD6112E824AE00306F09 /* Common.m in Sources */ = {isa = PBXBuildFile; fileRef = 18A9FD6012E824AE00306F09 /* Common.m */; };
		18B3F0B112E15F0E0067CDD4 /* StatusNavigation.xib in Resources */ = {isa = PBXBuildFile; fileRef = 18B3F0B012E15F0E0067CDD4 /* StatusNavigation.xib */; };
		18DCDC5A12E5361000A1BF01 /* selected.png in Resources */ = {isa = PBXBuildFile; fileRef = 18DCDC5912E5361000A1BF01 /* selected.png */; };
		1D3623260D0F684500981E51 /* GlobalSight1AppDelegate.m in Sources */ = {isa = PBXBuildFile; fileRef = 1D3623250D0F684500981E51 /* GlobalSight1AppDelegate.m */; };
		1D60589B0D05DD56006BFB54 /* main.m in Sources */ = {isa = PBXBuildFile; fileRef = 29B97316FDCFA39411CA2CEA /* main.m */; };
		1D60589F0D05DD5A006BFB54 /* Foundation.framework in Frameworks */ = {isa = PBXBuildFile; fileRef = 1D30AB110D05D00D00671497 /* Foundation.framework */; };
		1DF5F4E00D08C38300B7A737 /* UIKit.framework in Frameworks */ = {isa = PBXBuildFile; fileRef = 1DF5F4DF0D08C38300B7A737 /* UIKit.framework */; };
		288765FD0DF74451002DB57D /* CoreGraphics.framework in Frameworks */ = {isa = PBXBuildFile; fileRef = 288765FC0DF74451002DB57D /* CoreGraphics.framework */; };
		28AD733F0D9D9553002E5188 /* MainWindow.xib in Resources */ = {isa = PBXBuildFile; fileRef = 28AD733E0D9D9553002E5188 /* MainWindow.xib */; };
		4CD0B83A12DB135000A41B0C /* StatusNavigation.m in Sources */ = {isa = PBXBuildFile; fileRef = 4CD0B83912DB135000A41B0C /* StatusNavigation.m */; };
		6178AA8812505B6D005E2BCF /* CXMLDocument_CreationExtensions.m in Sources */ = {isa = PBXBuildFile; fileRef = 6178AA6F12505B6D005E2BCF /* CXMLDocument_CreationExtensions.m */; };
		6178AA8912505B6D005E2BCF /* CXMLNode_CreationExtensions.m in Sources */ = {isa = PBXBuildFile; fileRef = 6178AA7112505B6D005E2BCF /* CXMLNode_CreationExtensions.m */; };
		6178AA8A12505B6D005E2BCF /* CXMLDocument_PrivateExtensions.m in Sources */ = {isa = PBXBuildFile; fileRef = 6178AA7312505B6D005E2BCF /* CXMLDocument_PrivateExtensions.m */; };
		6178AA8B12505B6D005E2BCF /* CXMLDocument.m in Sources */ = {isa = PBXBuildFile; fileRef = 6178AA7512505B6D005E2BCF /* CXMLDocument.m */; };
		6178AA8C12505B6D005E2BCF /* CXMLElement_CreationExtensions.m in Sources */ = {isa = PBXBuildFile; fileRef = 6178AA7712505B6D005E2BCF /* CXMLElement_CreationExtensions.m */; };
		6178AA8D12505B6D005E2BCF /* CXMLElement_ElementTreeExtensions.m in Sources */ = {isa = PBXBuildFile; fileRef = 6178AA7912505B6D005E2BCF /* CXMLElement_ElementTreeExtensions.m */; };
		6178AA8E12505B6D005E2BCF /* CXMLElement.m in Sources */ = {isa = PBXBuildFile; fileRef = 6178AA7B12505B6D005E2BCF /* CXMLElement.m */; };
		6178AA8F12505B6D005E2BCF /* CXMLNamespaceNode.m in Sources */ = {isa = PBXBuildFile; fileRef = 6178AA7D12505B6D005E2BCF /* CXMLNamespaceNode.m */; };
		6178AA9012505B6D005E2BCF /* CXMLNode_PrivateExtensions.m in Sources */ = {isa = PBXBuildFile; fileRef = 6178AA7F12505B6D005E2BCF /* CXMLNode_PrivateExtensions.m */; };
		6178AA9112505B6D005E2BCF /* CXMLNode_XPathExtensions.m in Sources */ = {isa = PBXBuildFile; fileRef = 6178AA8112505B6D005E2BCF /* CXMLNode_XPathExtensions.m */; };
		6178AA9212505B6D005E2BCF /* CXMLNode.m in Sources */ = {isa = PBXBuildFile; fileRef = 6178AA8312505B6D005E2BCF /* CXMLNode.m */; };
		6178AA9312505B6D005E2BCF /* CTidy.m in Sources */ = {isa = PBXBuildFile; fileRef = 6178AA8612505B6D005E2BCF /* CTidy.m */; };
		617B11FE126FDD7100D67B84 /* libsqlite3.0.dylib in Frameworks */ = {isa = PBXBuildFile; fileRef = 617B11FD126FDD7100D67B84 /* libsqlite3.0.dylib */; };
		617F021A126EC0DC00810DC5 /* icon.png in Resources */ = {isa = PBXBuildFile; fileRef = 617F0219126EC0DC00810DC5 /* icon.png */; };
		61857DE412646EBA0033FCC9 /* image165.png in Resources */ = {isa = PBXBuildFile; fileRef = 61857DE312646EBA0033FCC9 /* image165.png */; };
		619285E712484F4D00340913 /* LoginViewController.m in Sources */ = {isa = PBXBuildFile; fileRef = 619285E512484F4D00340913 /* LoginViewController.m */; };
		619285E812484F4D00340913 /* LoginViewController.xib in Resources */ = {isa = PBXBuildFile; fileRef = 619285E612484F4D00340913 /* LoginViewController.xib */; };
		61928606124851E700340913 /* logo.png in Resources */ = {isa = PBXBuildFile; fileRef = 61928605124851E700340913 /* logo.png */; };
		619286141248564E00340913 /* JobViewController.m in Sources */ = {isa = PBXBuildFile; fileRef = 619286121248564E00340913 /* JobViewController.m */; };
		619286151248564E00340913 /* JobViewController.xib in Resources */ = {isa = PBXBuildFile; fileRef = 619286131248564E00340913 /* JobViewController.xib */; };
		61928619124856AA00340913 /* JobDetailController.m in Sources */ = {isa = PBXBuildFile; fileRef = 61928617124856AA00340913 /* JobDetailController.m */; };
		6192861A124856AA00340913 /* JobDetailController.xib in Resources */ = {isa = PBXBuildFile; fileRef = 61928618124856AA00340913 /* JobDetailController.xib */; };
		61954D591275896500EC5A17 /* Default.png in Resources */ = {isa = PBXBuildFile; fileRef = 61954D581275896500EC5A17 /* Default.png */; };
/* End PBXBuildFile section */

/* Begin PBXFileReference section */
		1892A4AD12E3ECC100304532 /* unselected.png */ = {isa = PBXFileReference; lastKnownFileType = image.png; path = unselected.png; sourceTree = "<group>"; };
		1892A50612E4221600304532 /* refresh.png */ = {isa = PBXFileReference; lastKnownFileType = image.png; path = refresh.png; sourceTree = "<group>"; };
		18A46CC812E6711E00529FBB /* discard.png */ = {isa = PBXFileReference; lastKnownFileType = image.png; path = discard.png; sourceTree = "<group>"; };
		18A9FD5F12E824AE00306F09 /* Common.h */ = {isa = PBXFileReference; fileEncoding = 4; lastKnownFileType = sourcecode.c.h; path = Common.h; sourceTree = "<group>"; };
		18A9FD6012E824AE00306F09 /* Common.m */ = {isa = PBXFileReference; fileEncoding = 4; lastKnownFileType = sourcecode.c.objc; path = Common.m; sourceTree = "<group>"; };
		18B3F0B012E15F0E0067CDD4 /* StatusNavigation.xib */ = {isa = PBXFileReference; lastKnownFileType = file.xib; path = StatusNavigation.xib; sourceTree = "<group>"; };
		18DCDC5912E5361000A1BF01 /* selected.png */ = {isa = PBXFileReference; lastKnownFileType = image.png; path = selected.png; sourceTree = "<group>"; };
		1D30AB110D05D00D00671497 /* Foundation.framework */ = {isa = PBXFileReference; lastKnownFileType = wrapper.framework; name = Foundation.framework; path = System/Library/Frameworks/Foundation.framework; sourceTree = SDKROOT; };
		1D3623240D0F684500981E51 /* GlobalSight1AppDelegate.h */ = {isa = PBXFileReference; fileEncoding = 4; lastKnownFileType = sourcecode.c.h; path = GlobalSight1AppDelegate.h; sourceTree = "<group>"; };
		1D3623250D0F684500981E51 /* GlobalSight1AppDelegate.m */ = {isa = PBXFileReference; fileEncoding = 4; lastKnownFileType = sourcecode.c.objc; path = GlobalSight1AppDelegate.m; sourceTree = "<group>"; };
		1D6058910D05DD3D006BFB54 /* GlobalSight.app */ = {isa = PBXFileReference; explicitFileType = wrapper.application; includeInIndex = 0; path = GlobalSight.app; sourceTree = BUILT_PRODUCTS_DIR; };
		1DF5F4DF0D08C38300B7A737 /* UIKit.framework */ = {isa = PBXFileReference; lastKnownFileType = wrapper.framework; name = UIKit.framework; path = System/Library/Frameworks/UIKit.framework; sourceTree = SDKROOT; };
		288765FC0DF74451002DB57D /* CoreGraphics.framework */ = {isa = PBXFileReference; lastKnownFileType = wrapper.framework; name = CoreGraphics.framework; path = System/Library/Frameworks/CoreGraphics.framework; sourceTree = SDKROOT; };
		28AD733E0D9D9553002E5188 /* MainWindow.xib */ = {isa = PBXFileReference; lastKnownFileType = file.xib; path = MainWindow.xib; sourceTree = "<group>"; };
		29B97316FDCFA39411CA2CEA /* main.m */ = {isa = PBXFileReference; fileEncoding = 4; lastKnownFileType = sourcecode.c.objc; path = main.m; sourceTree = "<group>"; };
		32CA4F630368D1EE00C91783 /* GlobalSight1_Prefix.pch */ = {isa = PBXFileReference; fileEncoding = 4; lastKnownFileType = sourcecode.c.h; path = GlobalSight1_Prefix.pch; sourceTree = "<group>"; };
		4CD0B83812DB135000A41B0C /* StatusNavigation.h */ = {isa = PBXFileReference; fileEncoding = 4; lastKnownFileType = sourcecode.c.h; path = StatusNavigation.h; sourceTree = "<group>"; };
		4CD0B83912DB135000A41B0C /* StatusNavigation.m */ = {isa = PBXFileReference; fileEncoding = 4; lastKnownFileType = sourcecode.c.objc; path = StatusNavigation.m; sourceTree = "<group>"; };
		6178AA6E12505B6D005E2BCF /* CXMLDocument_CreationExtensions.h */ = {isa = PBXFileReference; fileEncoding = 4; lastKnownFileType = sourcecode.c.h; path = CXMLDocument_CreationExtensions.h; sourceTree = "<group>"; };
		6178AA6F12505B6D005E2BCF /* CXMLDocument_CreationExtensions.m */ = {isa = PBXFileReference; fileEncoding = 4; lastKnownFileType = sourcecode.c.objc; path = CXMLDocument_CreationExtensions.m; sourceTree = "<group>"; };
		6178AA7012505B6D005E2BCF /* CXMLNode_CreationExtensions.h */ = {isa = PBXFileReference; fileEncoding = 4; lastKnownFileType = sourcecode.c.h; path = CXMLNode_CreationExtensions.h; sourceTree = "<group>"; };
		6178AA7112505B6D005E2BCF /* CXMLNode_CreationExtensions.m */ = {isa = PBXFileReference; fileEncoding = 4; lastKnownFileType = sourcecode.c.objc; path = CXMLNode_CreationExtensions.m; sourceTree = "<group>"; };
		6178AA7212505B6D005E2BCF /* CXMLDocument_PrivateExtensions.h */ = {isa = PBXFileReference; fileEncoding = 4; lastKnownFileType = sourcecode.c.h; name = CXMLDocument_PrivateExtensions.h; path = Classes/CXMLDocument_PrivateExtensions.h; sourceTree = "<group>"; };
		6178AA7312505B6D005E2BCF /* CXMLDocument_PrivateExtensions.m */ = {isa = PBXFileReference; fileEncoding = 4; lastKnownFileType = sourcecode.c.objc; name = CXMLDocument_PrivateExtensions.m; path = Classes/CXMLDocument_PrivateExtensions.m; sourceTree = "<group>"; };
		6178AA7412505B6D005E2BCF /* CXMLDocument.h */ = {isa = PBXFileReference; fileEncoding = 4; lastKnownFileType = sourcecode.c.h; name = CXMLDocument.h; path = Classes/CXMLDocument.h; sourceTree = "<group>"; };
		6178AA7512505B6D005E2BCF /* CXMLDocument.m */ = {isa = PBXFileReference; fileEncoding = 4; lastKnownFileType = sourcecode.c.objc; name = CXMLDocument.m; path = Classes/CXMLDocument.m; sourceTree = "<group>"; };
		6178AA7612505B6D005E2BCF /* CXMLElement_CreationExtensions.h */ = {isa = PBXFileReference; fileEncoding = 4; lastKnownFileType = sourcecode.c.h; name = CXMLElement_CreationExtensions.h; path = Classes/CXMLElement_CreationExtensions.h; sourceTree = "<group>"; };
		6178AA7712505B6D005E2BCF /* CXMLElement_CreationExtensions.m */ = {isa = PBXFileReference; fileEncoding = 4; lastKnownFileType = sourcecode.c.objc; name = CXMLElement_CreationExtensions.m; path = Classes/CXMLElement_CreationExtensions.m; sourceTree = "<group>"; };
		6178AA7812505B6D005E2BCF /* CXMLElement_ElementTreeExtensions.h */ = {isa = PBXFileReference; fileEncoding = 4; lastKnownFileType = sourcecode.c.h; name = CXMLElement_ElementTreeExtensions.h; path = Classes/CXMLElement_ElementTreeExtensions.h; sourceTree = "<group>"; };
		6178AA7912505B6D005E2BCF /* CXMLElement_ElementTreeExtensions.m */ = {isa = PBXFileReference; fileEncoding = 4; lastKnownFileType = sourcecode.c.objc; name = CXMLElement_ElementTreeExtensions.m; path = Classes/CXMLElement_ElementTreeExtensions.m; sourceTree = "<group>"; };
		6178AA7A12505B6D005E2BCF /* CXMLElement.h */ = {isa = PBXFileReference; fileEncoding = 4; lastKnownFileType = sourcecode.c.h; name = CXMLElement.h; path = Classes/CXMLElement.h; sourceTree = "<group>"; };
		6178AA7B12505B6D005E2BCF /* CXMLElement.m */ = {isa = PBXFileReference; fileEncoding = 4; lastKnownFileType = sourcecode.c.objc; name = CXMLElement.m; path = Classes/CXMLElement.m; sourceTree = "<group>"; };
		6178AA7C12505B6D005E2BCF /* CXMLNamespaceNode.h */ = {isa = PBXFileReference; fileEncoding = 4; lastKnownFileType = sourcecode.c.h; name = CXMLNamespaceNode.h; path = Classes/CXMLNamespaceNode.h; sourceTree = "<group>"; };
		6178AA7D12505B6D005E2BCF /* CXMLNamespaceNode.m */ = {isa = PBXFileReference; fileEncoding = 4; lastKnownFileType = sourcecode.c.objc; name = CXMLNamespaceNode.m; path = Classes/CXMLNamespaceNode.m; sourceTree = "<group>"; };
		6178AA7E12505B6D005E2BCF /* CXMLNode_PrivateExtensions.h */ = {isa = PBXFileReference; fileEncoding = 4; lastKnownFileType = sourcecode.c.h; name = CXMLNode_PrivateExtensions.h; path = Classes/CXMLNode_PrivateExtensions.h; sourceTree = "<group>"; };
		6178AA7F12505B6D005E2BCF /* CXMLNode_PrivateExtensions.m */ = {isa = PBXFileReference; fileEncoding = 4; lastKnownFileType = sourcecode.c.objc; name = CXMLNode_PrivateExtensions.m; path = Classes/CXMLNode_PrivateExtensions.m; sourceTree = "<group>"; };
		6178AA8012505B6D005E2BCF /* CXMLNode_XPathExtensions.h */ = {isa = PBXFileReference; fileEncoding = 4; lastKnownFileType = sourcecode.c.h; name = CXMLNode_XPathExtensions.h; path = Classes/CXMLNode_XPathExtensions.h; sourceTree = "<group>"; };
		6178AA8112505B6D005E2BCF /* CXMLNode_XPathExtensions.m */ = {isa = PBXFileReference; fileEncoding = 4; lastKnownFileType = sourcecode.c.objc; name = CXMLNode_XPathExtensions.m; path = Classes/CXMLNode_XPathExtensions.m; sourceTree = "<group>"; };
		6178AA8212505B6D005E2BCF /* CXMLNode.h */ = {isa = PBXFileReference; fileEncoding = 4; lastKnownFileType = sourcecode.c.h; name = CXMLNode.h; path = Classes/CXMLNode.h; sourceTree = "<group>"; };
		6178AA8312505B6D005E2BCF /* CXMLNode.m */ = {isa = PBXFileReference; fileEncoding = 4; lastKnownFileType = sourcecode.c.objc; name = CXMLNode.m; path = Classes/CXMLNode.m; sourceTree = "<group>"; };
		6178AA8512505B6D005E2BCF /* CTidy.h */ = {isa = PBXFileReference; fileEncoding = 4; lastKnownFileType = sourcecode.c.h; path = CTidy.h; sourceTree = "<group>"; };
		6178AA8612505B6D005E2BCF /* CTidy.m */ = {isa = PBXFileReference; fileEncoding = 4; lastKnownFileType = sourcecode.c.objc; path = CTidy.m; sourceTree = "<group>"; };
		6178AA8712505B6D005E2BCF /* TouchXML.h */ = {isa = PBXFileReference; fileEncoding = 4; lastKnownFileType = sourcecode.c.h; name = TouchXML.h; path = Classes/TouchXML.h; sourceTree = "<group>"; };
		617B11FD126FDD7100D67B84 /* libsqlite3.0.dylib */ = {isa = PBXFileReference; lastKnownFileType = "compiled.mach-o.dylib"; name = libsqlite3.0.dylib; path = usr/lib/libsqlite3.0.dylib; sourceTree = SDKROOT; };
		617F0219126EC0DC00810DC5 /* icon.png */ = {isa = PBXFileReference; lastKnownFileType = image.png; path = icon.png; sourceTree = "<group>"; };
		61857DE312646EBA0033FCC9 /* image165.png */ = {isa = PBXFileReference; lastKnownFileType = image.png; path = image165.png; sourceTree = "<group>"; };
		619285E412484F4D00340913 /* LoginViewController.h */ = {isa = PBXFileReference; fileEncoding = 4; lastKnownFileType = sourcecode.c.h; path = LoginViewController.h; sourceTree = "<group>"; };
		619285E512484F4D00340913 /* LoginViewController.m */ = {isa = PBXFileReference; fileEncoding = 4; lastKnownFileType = sourcecode.c.objc; path = LoginViewController.m; sourceTree = "<group>"; };
		619285E612484F4D00340913 /* LoginViewController.xib */ = {isa = PBXFileReference; lastKnownFileType = file.xib; name = LoginViewController.xib; path = Classes/LoginViewController.xib; sourceTree = "<group>"; };
		61928605124851E700340913 /* logo.png */ = {isa = PBXFileReference; lastKnownFileType = image.png; path = logo.png; sourceTree = "<group>"; };
		619286111248564E00340913 /* JobViewController.h */ = {isa = PBXFileReference; fileEncoding = 4; lastKnownFileType = sourcecode.c.h; path = JobViewController.h; sourceTree = "<group>"; };
		619286121248564E00340913 /* JobViewController.m */ = {isa = PBXFileReference; fileEncoding = 4; lastKnownFileType = sourcecode.c.objc; path = JobViewController.m; sourceTree = "<group>"; };
		619286131248564E00340913 /* JobViewController.xib */ = {isa = PBXFileReference; lastKnownFileType = file.xib; name = JobViewController.xib; path = Classes/JobViewController.xib; sourceTree = "<group>"; };
		61928616124856AA00340913 /* JobDetailController.h */ = {isa = PBXFileReference; fileEncoding = 4; lastKnownFileType = sourcecode.c.h; path = JobDetailController.h; sourceTree = "<group>"; };
		61928617124856AA00340913 /* JobDetailController.m */ = {isa = PBXFileReference; fileEncoding = 4; lastKnownFileType = sourcecode.c.objc; path = JobDetailController.m; sourceTree = "<group>"; };
		61928618124856AA00340913 /* JobDetailController.xib */ = {isa = PBXFileReference; lastKnownFileType = file.xib; name = JobDetailController.xib; path = Classes/JobDetailController.xib; sourceTree = "<group>"; };
		61954D581275896500EC5A17 /* Default.png */ = {isa = PBXFileReference; lastKnownFileType = image.png; path = Default.png; sourceTree = "<group>"; };
		8D1107310486CEB800E47090 /* GlobalSight1-Info.plist */ = {isa = PBXFileReference; fileEncoding = 4; lastKnownFileType = text.plist.xml; path = "GlobalSight1-Info.plist"; plistStructureDefinitionIdentifier = "com.apple.xcode.plist.structure-definition.iphone.info-plist"; sourceTree = "<group>"; };
/* End PBXFileReference section */

/* Begin PBXFrameworksBuildPhase section */
		1D60588F0D05DD3D006BFB54 /* Frameworks */ = {
			isa = PBXFrameworksBuildPhase;
			buildActionMask = 2147483647;
			files = (
				1D60589F0D05DD5A006BFB54 /* Foundation.framework in Frameworks */,
				1DF5F4E00D08C38300B7A737 /* UIKit.framework in Frameworks */,
				288765FD0DF74451002DB57D /* CoreGraphics.framework in Frameworks */,
				617B11FE126FDD7100D67B84 /* libsqlite3.0.dylib in Frameworks */,
			);
			runOnlyForDeploymentPostprocessing = 0;
		};
/* End PBXFrameworksBuildPhase section */

/* Begin PBXGroup section */
		080E96DDFE201D6D7F000001 /* Classes */ = {
			isa = PBXGroup;
			children = (
				1D3623240D0F684500981E51 /* GlobalSight1AppDelegate.h */,
				1D3623250D0F684500981E51 /* GlobalSight1AppDelegate.m */,
				619285E412484F4D00340913 /* LoginViewController.h */,
				619285E512484F4D00340913 /* LoginViewController.m */,
				4CD0B83812DB135000A41B0C /* StatusNavigation.h */,
				4CD0B83912DB135000A41B0C /* StatusNavigation.m */,
				619286111248564E00340913 /* JobViewController.h */,
				619286121248564E00340913 /* JobViewController.m */,
				61928616124856AA00340913 /* JobDetailController.h */,
				61928617124856AA00340913 /* JobDetailController.m */,
				18A9FD5F12E824AE00306F09 /* Common.h */,
				18A9FD6012E824AE00306F09 /* Common.m */,
			);
			path = Classes;
			sourceTree = "<group>";
		};
		19C28FACFE9D520D11CA2CBB /* Products */ = {
			isa = PBXGroup;
			children = (
				1D6058910D05DD3D006BFB54 /* GlobalSight.app */,
			);
			name = Products;
			sourceTree = "<group>";
		};
		29B97314FDCFA39411CA2CEA /* CustomTemplate */ = {
			isa = PBXGroup;
			children = (
				6178AA6A12505A96005E2BCF /* touchXML */,
				619285F5124851D900340913 /* Images */,
				080E96DDFE201D6D7F000001 /* Classes */,
				29B97315FDCFA39411CA2CEA /* Other Sources */,
				29B97317FDCFA39411CA2CEA /* Resources */,
				29B97323FDCFA39411CA2CEA /* Frameworks */,
				19C28FACFE9D520D11CA2CBB /* Products */,
			);
			name = CustomTemplate;
			sourceTree = "<group>";
		};
		29B97315FDCFA39411CA2CEA /* Other Sources */ = {
			isa = PBXGroup;
			children = (
				32CA4F630368D1EE00C91783 /* GlobalSight1_Prefix.pch */,
				29B97316FDCFA39411CA2CEA /* main.m */,
			);
			name = "Other Sources";
			sourceTree = "<group>";
		};
		29B97317FDCFA39411CA2CEA /* Resources */ = {
			isa = PBXGroup;
			children = (
				619285E612484F4D00340913 /* LoginViewController.xib */,
				619286131248564E00340913 /* JobViewController.xib */,
				61928618124856AA00340913 /* JobDetailController.xib */,
				18B3F0B012E15F0E0067CDD4 /* StatusNavigation.xib */,
				28AD733E0D9D9553002E5188 /* MainWindow.xib */,
				8D1107310486CEB800E47090 /* GlobalSight1-Info.plist */,
			);
			name = Resources;
			sourceTree = "<group>";
		};
		29B97323FDCFA39411CA2CEA /* Frameworks */ = {
			isa = PBXGroup;
			children = (
				1DF5F4DF0D08C38300B7A737 /* UIKit.framework */,
				1D30AB110D05D00D00671497 /* Foundation.framework */,
				288765FC0DF74451002DB57D /* CoreGraphics.framework */,
				617B11FD126FDD7100D67B84 /* libsqlite3.0.dylib */,
			);
			name = Frameworks;
			sourceTree = "<group>";
		};
		6178AA6A12505A96005E2BCF /* touchXML */ = {
			isa = PBXGroup;
			children = (
				6178AA6D12505B6D005E2BCF /* Creation */,
				6178AA8412505B6D005E2BCF /* Tidy */,
				6178AA7212505B6D005E2BCF /* CXMLDocument_PrivateExtensions.h */,
				6178AA7312505B6D005E2BCF /* CXMLDocument_PrivateExtensions.m */,
				6178AA7412505B6D005E2BCF /* CXMLDocument.h */,
				6178AA7512505B6D005E2BCF /* CXMLDocument.m */,
				6178AA7612505B6D005E2BCF /* CXMLElement_CreationExtensions.h */,
				6178AA7712505B6D005E2BCF /* CXMLElement_CreationExtensions.m */,
				6178AA7812505B6D005E2BCF /* CXMLElement_ElementTreeExtensions.h */,
				6178AA7912505B6D005E2BCF /* CXMLElement_ElementTreeExtensions.m */,
				6178AA7A12505B6D005E2BCF /* CXMLElement.h */,
				6178AA7B12505B6D005E2BCF /* CXMLElement.m */,
				6178AA7C12505B6D005E2BCF /* CXMLNamespaceNode.h */,
				6178AA7D12505B6D005E2BCF /* CXMLNamespaceNode.m */,
				6178AA7E12505B6D005E2BCF /* CXMLNode_PrivateExtensions.h */,
				6178AA7F12505B6D005E2BCF /* CXMLNode_PrivateExtensions.m */,
				6178AA8012505B6D005E2BCF /* CXMLNode_XPathExtensions.h */,
				6178AA8112505B6D005E2BCF /* CXMLNode_XPathExtensions.m */,
				6178AA8212505B6D005E2BCF /* CXMLNode.h */,
				6178AA8312505B6D005E2BCF /* CXMLNode.m */,
				6178AA8712505B6D005E2BCF /* TouchXML.h */,
			);
			name = touchXML;
			sourceTree = "<group>";
		};
		6178AA6D12505B6D005E2BCF /* Creation */ = {
			isa = PBXGroup;
			children = (
				6178AA6E12505B6D005E2BCF /* CXMLDocument_CreationExtensions.h */,
				6178AA6F12505B6D005E2BCF /* CXMLDocument_CreationExtensions.m */,
				6178AA7012505B6D005E2BCF /* CXMLNode_CreationExtensions.h */,
				6178AA7112505B6D005E2BCF /* CXMLNode_CreationExtensions.m */,
			);
			name = Creation;
			path = Classes/Creation;
			sourceTree = "<group>";
		};
		6178AA8412505B6D005E2BCF /* Tidy */ = {
			isa = PBXGroup;
			children = (
				6178AA8512505B6D005E2BCF /* CTidy.h */,
				6178AA8612505B6D005E2BCF /* CTidy.m */,
			);
			name = Tidy;
			path = Classes/Tidy;
			sourceTree = "<group>";
		};
		619285F5124851D900340913 /* Images */ = {
			isa = PBXGroup;
			children = (
				18A46CC812E6711E00529FBB /* discard.png */,
				18DCDC5912E5361000A1BF01 /* selected.png */,
				1892A50612E4221600304532 /* refresh.png */,
				1892A4AD12E3ECC100304532 /* unselected.png */,
				61954D581275896500EC5A17 /* Default.png */,
				617F0219126EC0DC00810DC5 /* icon.png */,
				61857DE312646EBA0033FCC9 /* image165.png */,
				61928605124851E700340913 /* logo.png */,
			);
			name = Images;
			sourceTree = "<group>";
		};
/* End PBXGroup section */

/* Begin PBXNativeTarget section */
		1D6058900D05DD3D006BFB54 /* GlobalSight1 */ = {
			isa = PBXNativeTarget;
			buildConfigurationList = 1D6058960D05DD3E006BFB54 /* Build configuration list for PBXNativeTarget "GlobalSight1" */;
			buildPhases = (
				1D60588D0D05DD3D006BFB54 /* Resources */,
				1D60588E0D05DD3D006BFB54 /* Sources */,
				1D60588F0D05DD3D006BFB54 /* Frameworks */,
				617F01BA126EA92B00810DC5 /* ShellScript */,
			);
			buildRules = (
			);
			dependencies = (
			);
			name = GlobalSight1;
			productName = GlobalSight1;
			productReference = 1D6058910D05DD3D006BFB54 /* GlobalSight.app */;
			productType = "com.apple.product-type.application";
		};
/* End PBXNativeTarget section */

/* Begin PBXProject section */
		29B97313FDCFA39411CA2CEA /* Project object */ = {
			isa = PBXProject;
			attributes = {
				ORGANIZATIONNAME = Welocalize;
			};
			buildConfigurationList = C01FCF4E08A954540054247B /* Build configuration list for PBXProject "GlobalSight1" */;
			compatibilityVersion = "Xcode 3.2";
			developmentRegion = English;
			hasScannedForEncodings = 1;
			knownRegions = (
				English,
				Japanese,
				French,
				German,
			);
			mainGroup = 29B97314FDCFA39411CA2CEA /* CustomTemplate */;
			projectDirPath = "";
			projectRoot = "";
			targets = (
				1D6058900D05DD3D006BFB54 /* GlobalSight1 */,
			);
		};
/* End PBXProject section */

/* Begin PBXResourcesBuildPhase section */
		1D60588D0D05DD3D006BFB54 /* Resources */ = {
			isa = PBXResourcesBuildPhase;
			buildActionMask = 2147483647;
			files = (
				28AD733F0D9D9553002E5188 /* MainWindow.xib in Resources */,
				619285E812484F4D00340913 /* LoginViewController.xib in Resources */,
				61928606124851E700340913 /* logo.png in Resources */,
				619286151248564E00340913 /* JobViewController.xib in Resources */,
				6192861A124856AA00340913 /* JobDetailController.xib in Resources */,
				61857DE412646EBA0033FCC9 /* image165.png in Resources */,
				617F021A126EC0DC00810DC5 /* icon.png in Resources */,
				61954D591275896500EC5A17 /* Default.png in Resources */,
				18B3F0B112E15F0E0067CDD4 /* StatusNavigation.xib in Resources */,
				1892A4AF12E3ECC100304532 /* unselected.png in Resources */,
				1892A50712E4221600304532 /* refresh.png in Resources */,
				18DCDC5A12E5361000A1BF01 /* selected.png in Resources */,
				18A46CC912E6711E00529FBB /* discard.png in Resources */,
			);
			runOnlyForDeploymentPostprocessing = 0;
		};
/* End PBXResourcesBuildPhase section */

/* Begin PBXShellScriptBuildPhase section */
		617F01BA126EA92B00810DC5 /* ShellScript */ = {
			isa = PBXShellScriptBuildPhase;
			buildActionMask = 2147483647;
			files = (
			);
			inputPaths = (
			);
			outputPaths = (
			);
			runOnlyForDeploymentPostprocessing = 0;
			shellPath = /bin/sh;
			shellScript = "export CODESIGN_ALLOCATE=/Developer/Platforms/iPhoneOS.platform/Developer/usr/bin/codesign_allocate\nexport CODESIGN_ALLOCATE=/Developer/Platforms/iPhoneOS.platform/Developer/usr/bin/codesign_allocate\nif [ \"${PLATFORM_NAME}\" == \"iphoneos\" ]; then\n/Developer/iphoneentitlements40/gen_entitlements.py \"my.company.${PROJECT_NAME}\" \"${BUILT_PRODUCTS_DIR}/${WRAPPER_NAME}/${PROJECT_NAME}.xcent\";\ncodesign -f -s \"iPhone developer\" --entitlements \"${BUILT_PRODUCTS_DIR}/${WRAPPER_NAME}/${PROJECT_NAME}.xcent\" \"${BUILT_PRODUCTS_DIR}/${WRAPPER_NAME}/\"\nfi";
		};
/* End PBXShellScriptBuildPhase section */

/* Begin PBXSourcesBuildPhase section */
		1D60588E0D05DD3D006BFB54 /* Sources */ = {
			isa = PBXSourcesBuildPhase;
			buildActionMask = 2147483647;
			files = (
				1D60589B0D05DD56006BFB54 /* main.m in Sources */,
				1D3623260D0F684500981E51 /* GlobalSight1AppDelegate.m in Sources */,
				619285E712484F4D00340913 /* LoginViewController.m in Sources */,
				619286141248564E00340913 /* JobViewController.m in Sources */,
				61928619124856AA00340913 /* JobDetailController.m in Sources */,
				6178AA8812505B6D005E2BCF /* CXMLDocument_CreationExtensions.m in Sources */,
				6178AA8912505B6D005E2BCF /* CXMLNode_CreationExtensions.m in Sources */,
				6178AA8A12505B6D005E2BCF /* CXMLDocument_PrivateExtensions.m in Sources */,
				6178AA8B12505B6D005E2BCF /* CXMLDocument.m in Sources */,
				6178AA8C12505B6D005E2BCF /* CXMLElement_CreationExtensions.m in Sources */,
				6178AA8D12505B6D005E2BCF /* CXMLElement_ElementTreeExtensions.m in Sources */,
				6178AA8E12505B6D005E2BCF /* CXMLElement.m in Sources */,
				6178AA8F12505B6D005E2BCF /* CXMLNamespaceNode.m in Sources */,
				6178AA9012505B6D005E2BCF /* CXMLNode_PrivateExtensions.m in Sources */,
				6178AA9112505B6D005E2BCF /* CXMLNode_XPathExtensions.m in Sources */,
				6178AA9212505B6D005E2BCF /* CXMLNode.m in Sources */,
				6178AA9312505B6D005E2BCF /* CTidy.m in Sources */,
				4CD0B83A12DB135000A41B0C /* StatusNavigation.m in Sources */,
				18A9FD6112E824AE00306F09 /* Common.m in Sources */,
			);
			runOnlyForDeploymentPostprocessing = 0;
		};
/* End PBXSourcesBuildPhase section */

/* Begin XCBuildConfiguration section */
		1D6058940D05DD3E006BFB54 /* Debug */ = {
			isa = XCBuildConfiguration;
			buildSettings = {
				ALWAYS_SEARCH_USER_PATHS = NO;
				CODE_SIGN_IDENTITY = "Don't Code Sign";
				"CODE_SIGN_IDENTITY[sdk=iphoneos*]" = "Don't Code Sign";
				COPY_PHASE_STRIP = NO;
				GCC_DYNAMIC_NO_PIC = NO;
				GCC_OPTIMIZATION_LEVEL = 0;
				GCC_PRECOMPILE_PREFIX_HEADER = YES;
				GCC_PREFIX_HEADER = GlobalSight1_Prefix.pch;
				INFOPLIST_FILE = "GlobalSight1-Info.plist";
				PRODUCT_NAME = GlobalSight;
				PROVISIONING_PROFILE = "";
				"PROVISIONING_PROFILE[sdk=iphoneos*]" = "";
				SDKROOT = iphoneos;
			};
			name = Debug;
		};
		1D6058950D05DD3E006BFB54 /* Release */ = {
			isa = XCBuildConfiguration;
			buildSettings = {
				ALWAYS_SEARCH_USER_PATHS = NO;
				CODE_SIGN_IDENTITY = "Don't Code Sign";
				"CODE_SIGN_IDENTITY[sdk=iphoneos*]" = "Don't Code Sign";
				"CODE_SIGN_IDENTITY[sdk=iphoneos4.2]" = "Don't Code Sign";
				COPY_PHASE_STRIP = YES;
				GCC_PRECOMPILE_PREFIX_HEADER = YES;
				GCC_PREFIX_HEADER = GlobalSight1_Prefix.pch;
				INFOPLIST_FILE = "GlobalSight1-Info.plist";
				PRODUCT_NAME = GlobalSight1;
				PROVISIONING_PROFILE = "";
				"PROVISIONING_PROFILE[sdk=iphoneos*]" = "";
				"PROVISIONING_PROFILE[sdk=iphoneos4.2]" = "";
				VALIDATE_PRODUCT = YES;
			};
			name = Release;
		};
		617D3B30126D5ABB004CABEE /* Distribution */ = {
			isa = XCBuildConfiguration;
			buildSettings = {
				ARCHS = "$(ARCHS_STANDARD_32_BIT)";
				CODE_SIGN_IDENTITY = "Don't Code Sign";
				"CODE_SIGN_IDENTITY[sdk=iphoneos*]" = "Don't Code Sign";
				GCC_C_LANGUAGE_STANDARD = c99;
				GCC_WARN_ABOUT_RETURN_TYPE = YES;
				GCC_WARN_UNUSED_VARIABLE = YES;
				HEADER_SEARCH_PATHS = /usr/include/libxml2;
				OTHER_CFLAGS = "-DNS_BLOCK_ASSERTIONS=1";
				OTHER_LDFLAGS = "-lxml2";
				PREBINDING = NO;
				PROVISIONING_PROFILE = "";
				"PROVISIONING_PROFILE[sdk=iphoneos*]" = "";
				SDKROOT = iphoneos;
				VALID_ARCHS = "armv6 armv7";
			};
			name = Distribution;
		};
		617D3B31126D5ABB004CABEE /* Distribution */ = {
			isa = XCBuildConfiguration;
			buildSettings = {
				ALWAYS_SEARCH_USER_PATHS = NO;
				COPY_PHASE_STRIP = YES;
				GCC_PRECOMPILE_PREFIX_HEADER = YES;
				GCC_PREFIX_HEADER = GlobalSight1_Prefix.pch;
				INFOPLIST_FILE = "GlobalSight1-Info.plist";
				PRODUCT_NAME = GlobalSight1;
				VALIDATE_PRODUCT = YES;
			};
			name = Distribution;
		};
		C01FCF4F08A954540054247B /* Debug */ = {
			isa = XCBuildConfiguration;
			buildSettings = {
				ARCHS = "$(ARCHS_STANDARD_32_BIT)";
				CODE_SIGN_IDENTITY = "iPhone Developer";
				"CODE_SIGN_IDENTITY[sdk=iphoneos*]" = "iPhone Developer";
				GCC_C_LANGUAGE_STANDARD = c99;
				GCC_WARN_ABOUT_RETURN_TYPE = YES;
				GCC_WARN_UNUSED_VARIABLE = YES;
				HEADER_SEARCH_PATHS = /usr/include/libxml2;
				OTHER_LDFLAGS = "-lxml2";
				PREBINDING = NO;
				PROVISIONING_PROFILE = "";
				"PROVISIONING_PROFILE[sdk=iphoneos*]" = "";
				SDKROOT = iphoneos;
				VALID_ARCHS = "armv6 armv7";
			};
			name = Debug;
		};
		C01FCF5008A954540054247B /* Release */ = {
			isa = XCBuildConfiguration;
			buildSettings = {
				ARCHS = "$(ARCHS_STANDARD_32_BIT)";
				CODE_SIGN_IDENTITY = "iPhone Developer";
				"CODE_SIGN_IDENTITY[sdk=iphoneos*]" = "iPhone Developer";
				GCC_C_LANGUAGE_STANDARD = c99;
				GCC_WARN_ABOUT_RETURN_TYPE = YES;
				GCC_WARN_UNUSED_VARIABLE = YES;
				HEADER_SEARCH_PATHS = /usr/include/libxml2;
				OTHER_CFLAGS = "-DNS_BLOCK_ASSERTIONS=1";
				OTHER_LDFLAGS = "-lxml2";
				PREBINDING = NO;
				PROVISIONING_PROFILE = "";
				"PROVISIONING_PROFILE[sdk=iphoneos*]" = "";
				SDKROOT = iphoneos;
				VALID_ARCHS = "armv6 armv7";
			};
			name = Release;
		};
/* End XCBuildConfiguration section */

/* Begin XCConfigurationList section */
		1D6058960D05DD3E006BFB54 /* Build configuration list for PBXNativeTarget "GlobalSight1" */ = {
			isa = XCConfigurationList;
			buildConfigurations = (
				1D6058940D05DD3E006BFB54 /* Debug */,
				1D6058950D05DD3E006BFB54 /* Release */,
				617D3B31126D5ABB004CABEE /* Distribution */,
			);
			defaultConfigurationIsVisible = 0;
			defaultConfigurationName = Release;
		};
		C01FCF4E08A954540054247B /* Build configuration list for PBXProject "GlobalSight1" */ = {
			isa = XCConfigurationList;
			buildConfigurations = (
				C01FCF4F08A954540054247B /* Debug */,
				C01FCF5008A954540054247B /* Release */,
				617D3B30126D5ABB004CABEE /* Distribution */,
			);
			defaultConfigurationIsVisible = 0;
			defaultConfigurationName = Release;
		};
/* End XCConfigurationList section */
	};
	rootObject = 29B97313FDCFA39411CA2CEA /* Project object */;
}
