
Microsoft Visual Studio Solution File, Format Version 11.00
# Visual Studio 2010
Project("{FAE04EC0-301F-11D3-BF4B-00C04F79EFBC}") = "GlobalSight.Common", "GlobalSight.Common\GlobalSight.Common\GlobalSight.Common.csproj", "{086A2EB7-EAF4-4204-A312-DE5D6352D629}"
EndProject
Project("{FAE04EC0-301F-11D3-BF4B-00C04F79EFBC}") = "WindowsPEConverter", "WindowsPEConverter\WindowsPEConverter.csproj", "{DCEC16B6-3716-4499-945D-679F6BD27BD6}"
EndProject
Global
	GlobalSection(SolutionConfigurationPlatforms) = preSolution
		Debug|Any CPU = Debug|Any CPU
		Release|Any CPU = Release|Any CPU
	EndGlobalSection
	GlobalSection(ProjectConfigurationPlatforms) = postSolution
		{086A2EB7-EAF4-4204-A312-DE5D6352D629}.Debug|Any CPU.ActiveCfg = Debug|Any CPU
		{086A2EB7-EAF4-4204-A312-DE5D6352D629}.Debug|Any CPU.Build.0 = Debug|Any CPU
		{086A2EB7-EAF4-4204-A312-DE5D6352D629}.Release|Any CPU.ActiveCfg = Release|Any CPU
		{086A2EB7-EAF4-4204-A312-DE5D6352D629}.Release|Any CPU.Build.0 = Release|Any CPU
		{DCEC16B6-3716-4499-945D-679F6BD27BD6}.Debug|Any CPU.ActiveCfg = Debug|Any CPU
		{DCEC16B6-3716-4499-945D-679F6BD27BD6}.Debug|Any CPU.Build.0 = Debug|Any CPU
		{DCEC16B6-3716-4499-945D-679F6BD27BD6}.Release|Any CPU.ActiveCfg = Release|Any CPU
		{DCEC16B6-3716-4499-945D-679F6BD27BD6}.Release|Any CPU.Build.0 = Release|Any CPU
	EndGlobalSection
	GlobalSection(SolutionProperties) = preSolution
		HideSolutionNode = FALSE
	EndGlobalSection
EndGlobal
