Microsoft Visual Studio Solution File, Format Version 7.00
Project("{FAE04EC0-301F-11D3-BF4B-00C04F79EFBC}") = "WordConverter", "WordConverter\WordConverter.csproj", "{A86C34EE-2639-4343-81B8-F18B3D9FDF3F}"
EndProject
Global
	GlobalSection(SolutionConfiguration) = preSolution
		ConfigName.0 = Debug
		ConfigName.1 = Release
	EndGlobalSection
	GlobalSection(ProjectDependencies) = postSolution
	EndGlobalSection
	GlobalSection(ProjectConfiguration) = postSolution
		{A86C34EE-2639-4343-81B8-F18B3D9FDF3F}.Debug.ActiveCfg = Debug|.NET
		{A86C34EE-2639-4343-81B8-F18B3D9FDF3F}.Debug.Build.0 = Debug|.NET
		{A86C34EE-2639-4343-81B8-F18B3D9FDF3F}.Release.ActiveCfg = Release|.NET
		{A86C34EE-2639-4343-81B8-F18B3D9FDF3F}.Release.Build.0 = Release|.NET
	EndGlobalSection
	GlobalSection(ExtensibilityGlobals) = postSolution
	EndGlobalSection
	GlobalSection(ExtensibilityAddIns) = postSolution
	EndGlobalSection
EndGlobal
