Microsoft Visual Studio Solution File, Format Version 7.00
Project("{FAE04EC0-301F-11D3-BF4B-00C04F79EFBC}") = "PowerPointXPConverter", "PowerPointXPConverter\PowerPointXPConverter.csproj", "{DCCE5900-548A-43C3-83D6-B1647FAD103C}"
EndProject
Global
	GlobalSection(SolutionConfiguration) = preSolution
		ConfigName.0 = Debug
		ConfigName.1 = Release
	EndGlobalSection
	GlobalSection(ProjectDependencies) = postSolution
	EndGlobalSection
	GlobalSection(ProjectConfiguration) = postSolution
		{DCCE5900-548A-43C3-83D6-B1647FAD103C}.Debug.ActiveCfg = Debug|.NET
		{DCCE5900-548A-43C3-83D6-B1647FAD103C}.Debug.Build.0 = Debug|.NET
		{DCCE5900-548A-43C3-83D6-B1647FAD103C}.Release.ActiveCfg = Release|.NET
		{DCCE5900-548A-43C3-83D6-B1647FAD103C}.Release.Build.0 = Release|.NET
	EndGlobalSection
	GlobalSection(ExtensibilityGlobals) = postSolution
	EndGlobalSection
	GlobalSection(ExtensibilityAddIns) = postSolution
	EndGlobalSection
EndGlobal
