Microsoft Visual Studio Solution File, Format Version 7.00
Project("{FAE04EC0-301F-11D3-BF4B-00C04F79EFBC}") = "GlobalSight.Common", "GlobalSight.Common\GlobalSight.Common.csproj", "{086A2EB7-EAF4-4204-A312-DE5D6352D629}"
EndProject
Global
	GlobalSection(SolutionConfiguration) = preSolution
		ConfigName.0 = Debug
		ConfigName.1 = Release
	EndGlobalSection
	GlobalSection(ProjectDependencies) = postSolution
	EndGlobalSection
	GlobalSection(ProjectConfiguration) = postSolution
		{086A2EB7-EAF4-4204-A312-DE5D6352D629}.Debug.ActiveCfg = Debug|.NET
		{086A2EB7-EAF4-4204-A312-DE5D6352D629}.Debug.Build.0 = Debug|.NET
		{086A2EB7-EAF4-4204-A312-DE5D6352D629}.Release.ActiveCfg = Release|.NET
		{086A2EB7-EAF4-4204-A312-DE5D6352D629}.Release.Build.0 = Release|.NET
	EndGlobalSection
	GlobalSection(ExtensibilityGlobals) = postSolution
	EndGlobalSection
	GlobalSection(ExtensibilityAddIns) = postSolution
	EndGlobalSection
EndGlobal
