
Microsoft Visual Studio Solution File, Format Version 9.00
# Visual Studio 2005
Project("{54435603-DBB4-11D2-8724-00A0C9A8B90C}") = "WordConverterSetup", "WordConverterSetup.vdproj", "{5C749B61-E9A4-4E84-9113-AC01CA9479B9}"
EndProject
Global
	GlobalSection(SolutionConfigurationPlatforms) = preSolution
		Debug|Default = Debug|Default
		Release|Default = Release|Default
	EndGlobalSection
	GlobalSection(ProjectConfigurationPlatforms) = postSolution
		{5C749B61-E9A4-4E84-9113-AC01CA9479B9}.Debug|Default.ActiveCfg = Debug
		{5C749B61-E9A4-4E84-9113-AC01CA9479B9}.Debug|Default.Build.0 = Debug
		{5C749B61-E9A4-4E84-9113-AC01CA9479B9}.Release|Default.ActiveCfg = Release
		{5C749B61-E9A4-4E84-9113-AC01CA9479B9}.Release|Default.Build.0 = Release
	EndGlobalSection
	GlobalSection(SolutionProperties) = preSolution
		HideSolutionNode = FALSE
	EndGlobalSection
EndGlobal
